
Microsoft Visual Studio Solution File, Format Version 12.00
# Visual Studio Version 16
VisualStudioVersion = 16.0.29613.14
MinimumVisualStudioVersion = 10.0.40219.1
Project("{FAE04EC0-301F-11D3-BF4B-00C04F79EFBC}") = "MidnightRacer", "MidnightRacer\MidnightRacer.csproj", "{0AA059F1-11C4-45C9-B7E2-CEA3E187558D}"
EndProject
Global
	GlobalSection(SolutionConfigurationPlatforms) = preSolution
		Debug|Any CPU = Debug|Any CPU
		Release|Any CPU = Release|Any CPU
	EndGlobalSection
	GlobalSection(ProjectConfigurationPlatforms) = postSolution
		{0AA059F1-11C4-45C9-B7E2-CEA3E187558D}.Debug|Any CPU.ActiveCfg = Debug|Any CPU
		{0AA059F1-11C4-45C9-B7E2-CEA3E187558D}.Debug|Any CPU.Build.0 = Debug|Any CPU
		{0AA059F1-11C4-45C9-B7E2-CEA3E187558D}.Release|Any CPU.ActiveCfg = Release|Any CPU
		{0AA059F1-11C4-45C9-B7E2-CEA3E187558D}.Release|Any CPU.Build.0 = Release|Any CPU
	EndGlobalSection
	GlobalSection(SolutionProperties) = preSolution
		HideSolutionNode = FALSE
	EndGlobalSection
	GlobalSection(ExtensibilityGlobals) = postSolution
		SolutionGuid = {FEF4A510-8D4A-4B6F-AE62-2BB7C645CAAA}
	EndGlobalSection
EndGlobal
